
Microsoft Visual Studio Solution File, Format Version 12.00
# Visual Studio Version 16
VisualStudioVersion = 16.0.29709.97
MinimumVisualStudioVersion = 10.0.40219.1
Project("{FAE04EC0-301F-11D3-BF4B-00C04F79EFBC}") = "SampleCEP.UWP", "SampleCEP\SampleCEP.UWP\SampleCEP.UWP.csproj", "{6E7C4FDF-23C1-45B3-84D8-1A5F58799B61}"
EndProject
Project("{FAE04EC0-301F-11D3-BF4B-00C04F79EFBC}") = "SampleCEP.Android", "SampleCEP\SampleCEP.Android\SampleCEP.Android.csproj", "{65D91EE3-1D73-46AC-A33D-170A1988099F}"
EndProject
Project("{FAE04EC0-301F-11D3-BF4B-00C04F79EFBC}") = "SampleCEP.iOS", "SampleCEP\SampleCEP.iOS\SampleCEP.iOS.csproj", "{561852ED-81FD-4AB2-88C7-48F3747626CB}"
EndProject
Project("{FAE04EC0-301F-11D3-BF4B-00C04F79EFBC}") = "SampleCEP", "SampleCEP\SampleCEP\SampleCEP.csproj", "{3F689DD7-A8FB-40D4-B30A-CB3D47929A49}"
EndProject
Project("{FAE04EC0-301F-11D3-BF4B-00C04F79EFBC}") = "ConsonleTeste", "ConsonleTeste\ConsonleTeste.csproj", "{F058A73F-5829-4B07-82F3-883C6EF0E658}"
EndProject
Global
	GlobalSection(SolutionConfigurationPlatforms) = preSolution
		Debug|Any CPU = Debug|Any CPU
		Debug|ARM = Debug|ARM
		Debug|iPhone = Debug|iPhone
		Debug|iPhoneSimulator = Debug|iPhoneSimulator
		Debug|x64 = Debug|x64
		Debug|x86 = Debug|x86
		Release|Any CPU = Release|Any CPU
		Release|ARM = Release|ARM
		Release|iPhone = Release|iPhone
		Release|iPhoneSimulator = Release|iPhoneSimulator
		Release|x64 = Release|x64
		Release|x86 = Release|x86
	EndGlobalSection
	GlobalSection(ProjectConfigurationPlatforms) = postSolution
		{6E7C4FDF-23C1-45B3-84D8-1A5F58799B61}.Debug|Any CPU.ActiveCfg = Debug|x86
		{6E7C4FDF-23C1-45B3-84D8-1A5F58799B61}.Debug|Any CPU.Build.0 = Debug|x86
		{6E7C4FDF-23C1-45B3-84D8-1A5F58799B61}.Debug|Any CPU.Deploy.0 = Debug|x86
		{6E7C4FDF-23C1-45B3-84D8-1A5F58799B61}.Debug|ARM.ActiveCfg = Debug|ARM
		{6E7C4FDF-23C1-45B3-84D8-1A5F58799B61}.Debug|ARM.Build.0 = Debug|ARM
		{6E7C4FDF-23C1-45B3-84D8-1A5F58799B61}.Debug|ARM.Deploy.0 = Debug|ARM
		{6E7C4FDF-23C1-45B3-84D8-1A5F58799B61}.Debug|iPhone.ActiveCfg = Debug|x86
		{6E7C4FDF-23C1-45B3-84D8-1A5F58799B61}.Debug|iPhone.Build.0 = Debug|x86
		{6E7C4FDF-23C1-45B3-84D8-1A5F58799B61}.Debug|iPhone.Deploy.0 = Debug|x86
		{6E7C4FDF-23C1-45B3-84D8-1A5F58799B61}.Debug|iPhoneSimulator.ActiveCfg = Debug|x86
		{6E7C4FDF-23C1-45B3-84D8-1A5F58799B61}.Debug|iPhoneSimulator.Build.0 = Debug|x86
		{6E7C4FDF-23C1-45B3-84D8-1A5F58799B61}.Debug|iPhoneSimulator.Deploy.0 = Debug|x86
		{6E7C4FDF-23C1-45B3-84D8-1A5F58799B61}.Debug|x64.ActiveCfg = Debug|x64
		{6E7C4FDF-23C1-45B3-84D8-1A5F58799B61}.Debug|x64.Build.0 = Debug|x64
		{6E7C4FDF-23C1-45B3-84D8-1A5F58799B61}.Debug|x64.Deploy.0 = Debug|x64
		{6E7C4FDF-23C1-45B3-84D8-1A5F58799B61}.Debug|x86.ActiveCfg = Debug|x86
		{6E7C4FDF-23C1-45B3-84D8-1A5F58799B61}.Debug|x86.Build.0 = Debug|x86
		{6E7C4FDF-23C1-45B3-84D8-1A5F58799B61}.Debug|x86.Deploy.0 = Debug|x86
		{6E7C4FDF-23C1-45B3-84D8-1A5F58799B61}.Release|Any CPU.ActiveCfg = Release|x86
		{6E7C4FDF-23C1-45B3-84D8-1A5F58799B61}.Release|Any CPU.Build.0 = Release|x86
		{6E7C4FDF-23C1-45B3-84D8-1A5F58799B61}.Release|Any CPU.Deploy.0 = Release|x86
		{6E7C4FDF-23C1-45B3-84D8-1A5F58799B61}.Release|ARM.ActiveCfg = Release|ARM
		{6E7C4FDF-23C1-45B3-84D8-1A5F58799B61}.Release|ARM.Build.0 = Release|ARM
		{6E7C4FDF-23C1-45B3-84D8-1A5F58799B61}.Release|ARM.Deploy.0 = Release|ARM
		{6E7C4FDF-23C1-45B3-84D8-1A5F58799B61}.Release|iPhone.ActiveCfg = Release|x86
		{6E7C4FDF-23C1-45B3-84D8-1A5F58799B61}.Release|iPhone.Build.0 = Release|x86
		{6E7C4FDF-23C1-45B3-84D8-1A5F58799B61}.Release|iPhone.Deploy.0 = Release|x86
		{6E7C4FDF-23C1-45B3-84D8-1A5F58799B61}.Release|iPhoneSimulator.ActiveCfg = Release|x86
		{6E7C4FDF-23C1-45B3-84D8-1A5F58799B61}.Release|iPhoneSimulator.Build.0 = Release|x86
		{6E7C4FDF-23C1-45B3-84D8-1A5F58799B61}.Release|iPhoneSimulator.Deploy.0 = Release|x86
		{6E7C4FDF-23C1-45B3-84D8-1A5F58799B61}.Release|x64.ActiveCfg = Release|x64
		{6E7C4FDF-23C1-45B3-84D8-1A5F58799B61}.Release|x64.Build.0 = Release|x64
		{6E7C4FDF-23C1-45B3-84D8-1A5F58799B61}.Release|x64.Deploy.0 = Release|x64
		{6E7C4FDF-23C1-45B3-84D8-1A5F58799B61}.Release|x86.ActiveCfg = Release|x86
		{6E7C4FDF-23C1-45B3-84D8-1A5F58799B61}.Release|x86.Build.0 = Release|x86
		{6E7C4FDF-23C1-45B3-84D8-1A5F58799B61}.Release|x86.Deploy.0 = Release|x86
		{65D91EE3-1D73-46AC-A33D-170A1988099F}.Debug|Any CPU.ActiveCfg = Debug|Any CPU
		{65D91EE3-1D73-46AC-A33D-170A1988099F}.Debug|Any CPU.Build.0 = Debug|Any CPU
		{65D91EE3-1D73-46AC-A33D-170A1988099F}.Debug|Any CPU.Deploy.0 = Debug|Any CPU
		{65D91EE3-1D73-46AC-A33D-170A1988099F}.Debug|ARM.ActiveCfg = Debug|Any CPU
		{65D91EE3-1D73-46AC-A33D-170A1988099F}.Debug|ARM.Build.0 = Debug|Any CPU
		{65D91EE3-1D73-46AC-A33D-170A1988099F}.Debug|ARM.Deploy.0 = Debug|Any CPU
		{65D91EE3-1D73-46AC-A33D-170A1988099F}.Debug|iPhone.ActiveCfg = Debug|Any CPU
		{65D91EE3-1D73-46AC-A33D-170A1988099F}.Debug|iPhone.Build.0 = Debug|Any CPU
		{65D91EE3-1D73-46AC-A33D-170A1988099F}.Debug|iPhone.Deploy.0 = Debug|Any CPU
		{65D91EE3-1D73-46AC-A33D-170A1988099F}.Debug|iPhoneSimulator.ActiveCfg = Debug|Any CPU
		{65D91EE3-1D73-46AC-A33D-170A1988099F}.Debug|iPhoneSimulator.Build.0 = Debug|Any CPU
		{65D91EE3-1D73-46AC-A33D-170A1988099F}.Debug|iPhoneSimulator.Deploy.0 = Debug|Any CPU
		{65D91EE3-1D73-46AC-A33D-170A1988099F}.Debug|x64.ActiveCfg = Debug|Any CPU
		{65D91EE3-1D73-46AC-A33D-170A1988099F}.Debug|x64.Build.0 = Debug|Any CPU
		{65D91EE3-1D73-46AC-A33D-170A1988099F}.Debug|x64.Deploy.0 = Debug|Any CPU
		{65D91EE3-1D73-46AC-A33D-170A1988099F}.Debug|x86.ActiveCfg = Debug|Any CPU
		{65D91EE3-1D73-46AC-A33D-170A1988099F}.Debug|x86.Build.0 = Debug|Any CPU
		{65D91EE3-1D73-46AC-A33D-170A1988099F}.Debug|x86.Deploy.0 = Debug|Any CPU
		{65D91EE3-1D73-46AC-A33D-170A1988099F}.Release|Any CPU.ActiveCfg = Release|Any CPU
		{65D91EE3-1D73-46AC-A33D-170A1988099F}.Release|Any CPU.Build.0 = Release|Any CPU
		{65D91EE3-1D73-46AC-A33D-170A1988099F}.Release|Any CPU.Deploy.0 = Release|Any CPU
		{65D91EE3-1D73-46AC-A33D-170A1988099F}.Release|ARM.ActiveCfg = Release|Any CPU
		{65D91EE3-1D73-46AC-A33D-170A1988099F}.Release|ARM.Build.0 = Release|Any CPU
		{65D91EE3-1D73-46AC-A33D-170A1988099F}.Release|ARM.Deploy.0 = Release|Any CPU
		{65D91EE3-1D73-46AC-A33D-170A1988099F}.Release|iPhone.ActiveCfg = Release|Any CPU
		{65D91EE3-1D73-46AC-A33D-170A1988099F}.Release|iPhone.Build.0 = Release|Any CPU
		{65D91EE3-1D73-46AC-A33D-170A1988099F}.Release|iPhone.Deploy.0 = Release|Any CPU
		{65D91EE3-1D73-46AC-A33D-170A1988099F}.Release|iPhoneSimulator.ActiveCfg = Release|Any CPU
		{65D91EE3-1D73-46AC-A33D-170A1988099F}.Release|iPhoneSimulator.Build.0 = Release|Any CPU
		{65D91EE3-1D73-46AC-A33D-170A1988099F}.Release|iPhoneSimulator.Deploy.0 = Release|Any CPU
		{65D91EE3-1D73-46AC-A33D-170A1988099F}.Release|x64.ActiveCfg = Release|Any CPU
		{65D91EE3-1D73-46AC-A33D-170A1988099F}.Release|x64.Build.0 = Release|Any CPU
		{65D91EE3-1D73-46AC-A33D-170A1988099F}.Release|x64.Deploy.0 = Release|Any CPU
		{65D91EE3-1D73-46AC-A33D-170A1988099F}.Release|x86.ActiveCfg = Release|Any CPU
		{65D91EE3-1D73-46AC-A33D-170A1988099F}.Release|x86.Build.0 = Release|Any CPU
		{65D91EE3-1D73-46AC-A33D-170A1988099F}.Release|x86.Deploy.0 = Release|Any CPU
		{561852ED-81FD-4AB2-88C7-48F3747626CB}.Debug|Any CPU.ActiveCfg = Debug|iPhone
		{561852ED-81FD-4AB2-88C7-48F3747626CB}.Debug|Any CPU.Build.0 = Debug|iPhone
		{561852ED-81FD-4AB2-88C7-48F3747626CB}.Debug|Any CPU.Deploy.0 = Debug|iPhone
		{561852ED-81FD-4AB2-88C7-48F3747626CB}.Debug|ARM.ActiveCfg = Debug|iPhoneSimulator
		{561852ED-81FD-4AB2-88C7-48F3747626CB}.Debug|ARM.Build.0 = Debug|iPhoneSimulator
		{561852ED-81FD-4AB2-88C7-48F3747626CB}.Debug|ARM.Deploy.0 = Debug|iPhoneSimulator
		{561852ED-81FD-4AB2-88C7-48F3747626CB}.Debug|iPhone.ActiveCfg = Debug|iPhone
		{561852ED-81FD-4AB2-88C7-48F3747626CB}.Debug|iPhone.Build.0 = Debug|iPhone
		{561852ED-81FD-4AB2-88C7-48F3747626CB}.Debug|iPhone.Deploy.0 = Debug|iPhone
		{561852ED-81FD-4AB2-88C7-48F3747626CB}.Debug|iPhoneSimulator.ActiveCfg = Debug|iPhoneSimulator
		{561852ED-81FD-4AB2-88C7-48F3747626CB}.Debug|iPhoneSimulator.Build.0 = Debug|iPhoneSimulator
		{561852ED-81FD-4AB2-88C7-48F3747626CB}.Debug|iPhoneSimulator.Deploy.0 = Debug|iPhoneSimulator
		{561852ED-81FD-4AB2-88C7-48F3747626CB}.Debug|x64.ActiveCfg = Debug|iPhone
		{561852ED-81FD-4AB2-88C7-48F3747626CB}.Debug|x64.Build.0 = Debug|iPhone
		{561852ED-81FD-4AB2-88C7-48F3747626CB}.Debug|x64.Deploy.0 = Debug|iPhone
		{561852ED-81FD-4AB2-88C7-48F3747626CB}.Debug|x86.ActiveCfg = Debug|iPhone
		{561852ED-81FD-4AB2-88C7-48F3747626CB}.Debug|x86.Build.0 = Debug|iPhone
		{561852ED-81FD-4AB2-88C7-48F3747626CB}.Debug|x86.Deploy.0 = Debug|iPhone
		{561852ED-81FD-4AB2-88C7-48F3747626CB}.Release|Any CPU.ActiveCfg = Release|iPhone
		{561852ED-81FD-4AB2-88C7-48F3747626CB}.Release|Any CPU.Build.0 = Release|iPhone
		{561852ED-81FD-4AB2-88C7-48F3747626CB}.Release|Any CPU.Deploy.0 = Release|iPhone
		{561852ED-81FD-4AB2-88C7-48F3747626CB}.Release|ARM.ActiveCfg = Release|iPhone
		{561852ED-81FD-4AB2-88C7-48F3747626CB}.Release|ARM.Build.0 = Release|iPhone
		{561852ED-81FD-4AB2-88C7-48F3747626CB}.Release|ARM.Deploy.0 = Release|iPhone
		{561852ED-81FD-4AB2-88C7-48F3747626CB}.Release|iPhone.ActiveCfg = Release|iPhone
		{561852ED-81FD-4AB2-88C7-48F3747626CB}.Release|iPhone.Build.0 = Release|iPhone
		{561852ED-81FD-4AB2-88C7-48F3747626CB}.Release|iPhone.Deploy.0 = Release|iPhone
		{561852ED-81FD-4AB2-88C7-48F3747626CB}.Release|iPhoneSimulator.ActiveCfg = Release|iPhoneSimulator
		{561852ED-81FD-4AB2-88C7-48F3747626CB}.Release|iPhoneSimulator.Build.0 = Release|iPhoneSimulator
		{561852ED-81FD-4AB2-88C7-48F3747626CB}.Release|iPhoneSimulator.Deploy.0 = Release|iPhoneSimulator
		{561852ED-81FD-4AB2-88C7-48F3747626CB}.Release|x64.ActiveCfg = Release|iPhone
		{561852ED-81FD-4AB2-88C7-48F3747626CB}.Release|x64.Build.0 = Release|iPhone
		{561852ED-81FD-4AB2-88C7-48F3747626CB}.Release|x64.Deploy.0 = Release|iPhone
		{561852ED-81FD-4AB2-88C7-48F3747626CB}.Release|x86.ActiveCfg = Release|iPhone
		{561852ED-81FD-4AB2-88C7-48F3747626CB}.Release|x86.Build.0 = Release|iPhone
		{561852ED-81FD-4AB2-88C7-48F3747626CB}.Release|x86.Deploy.0 = Release|iPhone
		{3F689DD7-A8FB-40D4-B30A-CB3D47929A49}.Debug|Any CPU.ActiveCfg = Debug|Any CPU
		{3F689DD7-A8FB-40D4-B30A-CB3D47929A49}.Debug|Any CPU.Build.0 = Debug|Any CPU
		{3F689DD7-A8FB-40D4-B30A-CB3D47929A49}.Debug|Any CPU.Deploy.0 = Debug|Any CPU
		{3F689DD7-A8FB-40D4-B30A-CB3D47929A49}.Debug|ARM.ActiveCfg = Debug|Any CPU
		{3F689DD7-A8FB-40D4-B30A-CB3D47929A49}.Debug|ARM.Build.0 = Debug|Any CPU
		{3F689DD7-A8FB-40D4-B30A-CB3D47929A49}.Debug|ARM.Deploy.0 = Debug|Any CPU
		{3F689DD7-A8FB-40D4-B30A-CB3D47929A49}.Debug|iPhone.ActiveCfg = Debug|Any CPU
		{3F689DD7-A8FB-40D4-B30A-CB3D47929A49}.Debug|iPhone.Build.0 = Debug|Any CPU
		{3F689DD7-A8FB-40D4-B30A-CB3D47929A49}.Debug|iPhone.Deploy.0 = Debug|Any CPU
		{3F689DD7-A8FB-40D4-B30A-CB3D47929A49}.Debug|iPhoneSimulator.ActiveCfg = Debug|Any CPU
		{3F689DD7-A8FB-40D4-B30A-CB3D47929A49}.Debug|iPhoneSimulator.Build.0 = Debug|Any CPU
		{3F689DD7-A8FB-40D4-B30A-CB3D47929A49}.Debug|iPhoneSimulator.Deploy.0 = Debug|Any CPU
		{3F689DD7-A8FB-40D4-B30A-CB3D47929A49}.Debug|x64.ActiveCfg = Debug|Any CPU
		{3F689DD7-A8FB-40D4-B30A-CB3D47929A49}.Debug|x64.Build.0 = Debug|Any CPU
		{3F689DD7-A8FB-40D4-B30A-CB3D47929A49}.Debug|x64.Deploy.0 = Debug|Any CPU
		{3F689DD7-A8FB-40D4-B30A-CB3D47929A49}.Debug|x86.ActiveCfg = Debug|Any CPU
		{3F689DD7-A8FB-40D4-B30A-CB3D47929A49}.Debug|x86.Build.0 = Debug|Any CPU
		{3F689DD7-A8FB-40D4-B30A-CB3D47929A49}.Debug|x86.Deploy.0 = Debug|Any CPU
		{3F689DD7-A8FB-40D4-B30A-CB3D47929A49}.Release|Any CPU.ActiveCfg = Release|Any CPU
		{3F689DD7-A8FB-40D4-B30A-CB3D47929A49}.Release|Any CPU.Build.0 = Release|Any CPU
		{3F689DD7-A8FB-40D4-B30A-CB3D47929A49}.Release|Any CPU.Deploy.0 = Release|Any CPU
		{3F689DD7-A8FB-40D4-B30A-CB3D47929A49}.Release|ARM.ActiveCfg = Release|Any CPU
		{3F689DD7-A8FB-40D4-B30A-CB3D47929A49}.Release|ARM.Build.0 = Release|Any CPU
		{3F689DD7-A8FB-40D4-B30A-CB3D47929A49}.Release|ARM.Deploy.0 = Release|Any CPU
		{3F689DD7-A8FB-40D4-B30A-CB3D47929A49}.Release|iPhone.ActiveCfg = Release|Any CPU
		{3F689DD7-A8FB-40D4-B30A-CB3D47929A49}.Release|iPhone.Build.0 = Release|Any CPU
		{3F689DD7-A8FB-40D4-B30A-CB3D47929A49}.Release|iPhone.Deploy.0 = Release|Any CPU
		{3F689DD7-A8FB-40D4-B30A-CB3D47929A49}.Release|iPhoneSimulator.ActiveCfg = Release|Any CPU
		{3F689DD7-A8FB-40D4-B30A-CB3D47929A49}.Release|iPhoneSimulator.Build.0 = Release|Any CPU
		{3F689DD7-A8FB-40D4-B30A-CB3D47929A49}.Release|iPhoneSimulator.Deploy.0 = Release|Any CPU
		{3F689DD7-A8FB-40D4-B30A-CB3D47929A49}.Release|x64.ActiveCfg = Release|Any CPU
		{3F689DD7-A8FB-40D4-B30A-CB3D47929A49}.Release|x64.Build.0 = Release|Any CPU
		{3F689DD7-A8FB-40D4-B30A-CB3D47929A49}.Release|x64.Deploy.0 = Release|Any CPU
		{3F689DD7-A8FB-40D4-B30A-CB3D47929A49}.Release|x86.ActiveCfg = Release|Any CPU
		{3F689DD7-A8FB-40D4-B30A-CB3D47929A49}.Release|x86.Build.0 = Release|Any CPU
		{3F689DD7-A8FB-40D4-B30A-CB3D47929A49}.Release|x86.Deploy.0 = Release|Any CPU
		{F058A73F-5829-4B07-82F3-883C6EF0E658}.Debug|Any CPU.ActiveCfg = Debug|Any CPU
		{F058A73F-5829-4B07-82F3-883C6EF0E658}.Debug|Any CPU.Build.0 = Debug|Any CPU
		{F058A73F-5829-4B07-82F3-883C6EF0E658}.Debug|ARM.ActiveCfg = Debug|Any CPU
		{F058A73F-5829-4B07-82F3-883C6EF0E658}.Debug|ARM.Build.0 = Debug|Any CPU
		{F058A73F-5829-4B07-82F3-883C6EF0E658}.Debug|iPhone.ActiveCfg = Debug|Any CPU
		{F058A73F-5829-4B07-82F3-883C6EF0E658}.Debug|iPhone.Build.0 = Debug|Any CPU
		{F058A73F-5829-4B07-82F3-883C6EF0E658}.Debug|iPhoneSimulator.ActiveCfg = Debug|Any CPU
		{F058A73F-5829-4B07-82F3-883C6EF0E658}.Debug|iPhoneSimulator.Build.0 = Debug|Any CPU
		{F058A73F-5829-4B07-82F3-883C6EF0E658}.Debug|x64.ActiveCfg = Debug|Any CPU
		{F058A73F-5829-4B07-82F3-883C6EF0E658}.Debug|x64.Build.0 = Debug|Any CPU
		{F058A73F-5829-4B07-82F3-883C6EF0E658}.Debug|x86.ActiveCfg = Debug|Any CPU
		{F058A73F-5829-4B07-82F3-883C6EF0E658}.Debug|x86.Build.0 = Debug|Any CPU
		{F058A73F-5829-4B07-82F3-883C6EF0E658}.Release|Any CPU.ActiveCfg = Release|Any CPU
		{F058A73F-5829-4B07-82F3-883C6EF0E658}.Release|Any CPU.Build.0 = Release|Any CPU
		{F058A73F-5829-4B07-82F3-883C6EF0E658}.Release|ARM.ActiveCfg = Release|Any CPU
		{F058A73F-5829-4B07-82F3-883C6EF0E658}.Release|ARM.Build.0 = Release|Any CPU
		{F058A73F-5829-4B07-82F3-883C6EF0E658}.Release|iPhone.ActiveCfg = Release|Any CPU
		{F058A73F-5829-4B07-82F3-883C6EF0E658}.Release|iPhone.Build.0 = Release|Any CPU
		{F058A73F-5829-4B07-82F3-883C6EF0E658}.Release|iPhoneSimulator.ActiveCfg = Release|Any CPU
		{F058A73F-5829-4B07-82F3-883C6EF0E658}.Release|iPhoneSimulator.Build.0 = Release|Any CPU
		{F058A73F-5829-4B07-82F3-883C6EF0E658}.Release|x64.ActiveCfg = Release|Any CPU
		{F058A73F-5829-4B07-82F3-883C6EF0E658}.Release|x64.Build.0 = Release|Any CPU
		{F058A73F-5829-4B07-82F3-883C6EF0E658}.Release|x86.ActiveCfg = Release|Any CPU
		{F058A73F-5829-4B07-82F3-883C6EF0E658}.Release|x86.Build.0 = Release|Any CPU
	EndGlobalSection
	GlobalSection(SolutionProperties) = preSolution
		HideSolutionNode = FALSE
	EndGlobalSection
	GlobalSection(ExtensibilityGlobals) = postSolution
		SolutionGuid = {EB900969-8662-47BC-8694-4CE1B9C17D18}
	EndGlobalSection
EndGlobal
